
Microsoft Visual Studio Solution File, Format Version 12.00
# Visual Studio Version 17
VisualStudioVersion = 17.9.34728.123
MinimumVisualStudioVersion = 10.0.40219.1
Project("{FAE04EC0-301F-11D3-BF4B-00C04F79EFBC}") = "OnGK2", "OnGK2\OnGK2.csproj", "{6B8AD835-B436-4AB1-BE89-C553EB727AE0}"
EndProject
Global
	GlobalSection(SolutionConfigurationPlatforms) = preSolution
		Debug|Any CPU = Debug|Any CPU
		Release|Any CPU = Release|Any CPU
	EndGlobalSection
	GlobalSection(ProjectConfigurationPlatforms) = postSolution
		{6B8AD835-B436-4AB1-BE89-C553EB727AE0}.Debug|Any CPU.ActiveCfg = Debug|Any CPU
		{6B8AD835-B436-4AB1-BE89-C553EB727AE0}.Debug|Any CPU.Build.0 = Debug|Any CPU
		{6B8AD835-B436-4AB1-BE89-C553EB727AE0}.Release|Any CPU.ActiveCfg = Release|Any CPU
		{6B8AD835-B436-4AB1-BE89-C553EB727AE0}.Release|Any CPU.Build.0 = Release|Any CPU
	EndGlobalSection
	GlobalSection(SolutionProperties) = preSolution
		HideSolutionNode = FALSE
	EndGlobalSection
	GlobalSection(ExtensibilityGlobals) = postSolution
		SolutionGuid = {D71771C6-4A3E-42FD-A0BF-977B1287013D}
	EndGlobalSection
EndGlobal
