
Microsoft Visual Studio Solution File, Format Version 12.00
# Visual Studio Version 17
VisualStudioVersion = 17.9.34622.214
MinimumVisualStudioVersion = 10.0.40219.1
Project("{FAE04EC0-301F-11D3-BF4B-00C04F79EFBC}") = "DemoStruct", "DemoStruct\DemoStruct.csproj", "{E183CDCE-1AC6-432F-AD59-09690EF10F85}"
EndProject
Global
	GlobalSection(SolutionConfigurationPlatforms) = preSolution
		Debug|Any CPU = Debug|Any CPU
		Release|Any CPU = Release|Any CPU
	EndGlobalSection
	GlobalSection(ProjectConfigurationPlatforms) = postSolution
		{E183CDCE-1AC6-432F-AD59-09690EF10F85}.Debug|Any CPU.ActiveCfg = Debug|Any CPU
		{E183CDCE-1AC6-432F-AD59-09690EF10F85}.Debug|Any CPU.Build.0 = Debug|Any CPU
		{E183CDCE-1AC6-432F-AD59-09690EF10F85}.Release|Any CPU.ActiveCfg = Release|Any CPU
		{E183CDCE-1AC6-432F-AD59-09690EF10F85}.Release|Any CPU.Build.0 = Release|Any CPU
	EndGlobalSection
	GlobalSection(SolutionProperties) = preSolution
		HideSolutionNode = FALSE
	EndGlobalSection
	GlobalSection(ExtensibilityGlobals) = postSolution
		SolutionGuid = {D34DFE6E-999F-4998-9AA4-18DE45050C5F}
	EndGlobalSection
EndGlobal
